
Microsoft Visual Studio Solution File, Format Version 12.00
# Visual Studio 2012
Project("{FAE04EC0-301F-11D3-BF4B-00C04F79EFBC}") = "Eyup_28.03.2019", "Eyup_28.03.2019\Eyup_28.03.2019.csproj", "{8E416096-34D0-4E8A-AB31-D6B0EF8B9ACF}"
EndProject
Global
	GlobalSection(SolutionConfigurationPlatforms) = preSolution
		Debug|Any CPU = Debug|Any CPU
		Release|Any CPU = Release|Any CPU
	EndGlobalSection
	GlobalSection(ProjectConfigurationPlatforms) = postSolution
		{8E416096-34D0-4E8A-AB31-D6B0EF8B9ACF}.Debug|Any CPU.ActiveCfg = Debug|Any CPU
		{8E416096-34D0-4E8A-AB31-D6B0EF8B9ACF}.Debug|Any CPU.Build.0 = Debug|Any CPU
		{8E416096-34D0-4E8A-AB31-D6B0EF8B9ACF}.Release|Any CPU.ActiveCfg = Release|Any CPU
		{8E416096-34D0-4E8A-AB31-D6B0EF8B9ACF}.Release|Any CPU.Build.0 = Release|Any CPU
	EndGlobalSection
	GlobalSection(SolutionProperties) = preSolution
		HideSolutionNode = FALSE
	EndGlobalSection
EndGlobal
